// !$*UTF8*$!
{
	archiveVersion = 1;
	classes = {
	};
	objectVersion = 46;
	objects = {

/* Begin PBXBuildFile section */
		691F9DFF1EF41CD10002CE40 /* StringExtensionsTests.swift in Sources */ = {isa = PBXBuildFile; fileRef = 691F9DFE1EF41CD10002CE40 /* StringExtensionsTests.swift */; };
		692EA6121EAFF3A9000D9A19 /* JSRuntimeFile.swift in Sources */ = {isa = PBXBuildFile; fileRef = 692EA6111EAFF3A9000D9A19 /* JSRuntimeFile.swift */; };
		6948DB2C1EB6A98C00EA902D /* JSIR.swift in Sources */ = {isa = PBXBuildFile; fileRef = 6948DB2B1EB6A98C00EA902D /* JSIR.swift */; };
		6948DB301EB6AA5900EA902D /* JSModelRenderer.swift in Sources */ = {isa = PBXBuildFile; fileRef = 6948DB2F1EB6AA5900EA902D /* JSModelRenderer.swift */; };
		6948DB321EB6AB2C00EA902D /* JSFileRenderer.swift in Sources */ = {isa = PBXBuildFile; fileRef = 6948DB311EB6AB2C00EA902D /* JSFileRenderer.swift */; };
		6948DB341EB6C41700EA902D /* JSADTExtension.swift in Sources */ = {isa = PBXBuildFile; fileRef = 6948DB331EB6C41700EA902D /* JSADTExtension.swift */; };
		696C6E811EA928030039B52F /* JSFileGenerator.swift in Sources */ = {isa = PBXBuildFile; fileRef = 696C6E801EA928030039B52F /* JSFileGenerator.swift */; };
		812A69D01E53D2A1006A510E /* ObjectiveCEqualityExtension.swift in Sources */ = {isa = PBXBuildFile; fileRef = 812A69CF1E53D2A1006A510E /* ObjectiveCEqualityExtension.swift */; };
		812A69D21E53D30F006A510E /* ObjectiveCInitExtension.swift in Sources */ = {isa = PBXBuildFile; fileRef = 812A69D11E53D30F006A510E /* ObjectiveCInitExtension.swift */; };
		812A69D41E53D35F006A510E /* ObjectiveCBuilderExtension.swift in Sources */ = {isa = PBXBuildFile; fileRef = 812A69D31E53D35F006A510E /* ObjectiveCBuilderExtension.swift */; };
		812A69D61E53D44D006A510E /* ObjectiveCNSCodingExtension.swift in Sources */ = {isa = PBXBuildFile; fileRef = 812A69D51E53D44D006A510E /* ObjectiveCNSCodingExtension.swift */; };
		815009AE1F257E6D00635E87 /* ObjectiveCIRTests.swift in Sources */ = {isa = PBXBuildFile; fileRef = 815009AD1F257E6D00635E87 /* ObjectiveCIRTests.swift */; };
		8152228D1E57766E00A4B873 /* ObjCADTRenderer.swift in Sources */ = {isa = PBXBuildFile; fileRef = 8152228C1E57766E00A4B873 /* ObjCADTRenderer.swift */; };
		815A011A1E54D2BA00017AFB /* ObjectiveCInitTests.swift in Sources */ = {isa = PBXBuildFile; fileRef = 815A01191E54D2BA00017AFB /* ObjectiveCInitTests.swift */; };
		815A011C1E55100E00017AFB /* MockSchemaLoader.swift in Sources */ = {isa = PBXBuildFile; fileRef = 815A011B1E55100E00017AFB /* MockSchemaLoader.swift */; };
		8193AF2E1E66A7E600DEBD13 /* ObjectiveCDebugExtension.swift in Sources */ = {isa = PBXBuildFile; fileRef = 8193AF2D1E66A7E600DEBD13 /* ObjectiveCDebugExtension.swift */; };
		8193AF301E66A87300DEBD13 /* ObjCFileRenderer.swift in Sources */ = {isa = PBXBuildFile; fileRef = 8193AF2F1E66A87300DEBD13 /* ObjCFileRenderer.swift */; };
		EE11EB4E1ECDEF1400DD6A00 /* ObjectiveCDictionaryExtension.swift in Sources */ = {isa = PBXBuildFile; fileRef = EE11EB4D1ECDEF1400DD6A00 /* ObjectiveCDictionaryExtension.swift */; };
		OBJ_33 /* FileGenerator.swift in Sources */ = {isa = PBXBuildFile; fileRef = OBJ_9 /* FileGenerator.swift */; };
		OBJ_34 /* ObjCModelRenderer.swift in Sources */ = {isa = PBXBuildFile; fileRef = OBJ_10 /* ObjCModelRenderer.swift */; };
		OBJ_35 /* ObjectiveCFileGenerator.swift in Sources */ = {isa = PBXBuildFile; fileRef = OBJ_11 /* ObjectiveCFileGenerator.swift */; };
		OBJ_36 /* ObjectiveCIR.swift in Sources */ = {isa = PBXBuildFile; fileRef = OBJ_12 /* ObjectiveCIR.swift */; };
		OBJ_37 /* Schema.swift in Sources */ = {isa = PBXBuildFile; fileRef = OBJ_13 /* Schema.swift */; };
		OBJ_38 /* SchemaLoader.swift in Sources */ = {isa = PBXBuildFile; fileRef = OBJ_14 /* SchemaLoader.swift */; };
		OBJ_39 /* StringExtensions.swift in Sources */ = {isa = PBXBuildFile; fileRef = OBJ_15 /* StringExtensions.swift */; };
		OBJ_46 /* Cli.swift in Sources */ = {isa = PBXBuildFile; fileRef = OBJ_17 /* Cli.swift */; };
		OBJ_47 /* main.swift in Sources */ = {isa = PBXBuildFile; fileRef = OBJ_18 /* main.swift */; };
		OBJ_49 /* Core.framework in Frameworks */ = {isa = PBXBuildFile; fileRef = OBJ_25 /* Core.framework */; };
		OBJ_56 /* LinuxTestIndex.swift in Sources */ = {isa = PBXBuildFile; fileRef = OBJ_21 /* LinuxTestIndex.swift */; };
		OBJ_57 /* PlankTestExtension.swift in Sources */ = {isa = PBXBuildFile; fileRef = OBJ_22 /* PlankTestExtension.swift */; };
		OBJ_59 /* Core.framework in Frameworks */ = {isa = PBXBuildFile; fileRef = OBJ_25 /* Core.framework */; };
/* End PBXBuildFile section */

/* Begin PBXContainerItemProxy section */
		81F066ED1E4AE1AA00263E31 /* PBXContainerItemProxy */ = {
			isa = PBXContainerItemProxy;
			containerPortal = OBJ_1 /* Project object */;
			proxyType = 1;
			remoteGlobalIDString = OBJ_28;
			remoteInfo = Core;
		};
		81F066EE1E4AE1AA00263E31 /* PBXContainerItemProxy */ = {
			isa = PBXContainerItemProxy;
			containerPortal = OBJ_1 /* Project object */;
			proxyType = 1;
			remoteGlobalIDString = OBJ_28;
			remoteInfo = Core;
		};
/* End PBXContainerItemProxy section */

/* Begin PBXFileReference section */
		691F9DFE1EF41CD10002CE40 /* StringExtensionsTests.swift */ = {isa = PBXFileReference; fileEncoding = 4; lastKnownFileType = sourcecode.swift; path = StringExtensionsTests.swift; sourceTree = "<group>"; };
		692EA6111EAFF3A9000D9A19 /* JSRuntimeFile.swift */ = {isa = PBXFileReference; fileEncoding = 4; lastKnownFileType = sourcecode.swift; path = JSRuntimeFile.swift; sourceTree = "<group>"; };
		6948DB2B1EB6A98C00EA902D /* JSIR.swift */ = {isa = PBXFileReference; fileEncoding = 4; lastKnownFileType = sourcecode.swift; path = JSIR.swift; sourceTree = "<group>"; };
		6948DB2F1EB6AA5900EA902D /* JSModelRenderer.swift */ = {isa = PBXFileReference; fileEncoding = 4; lastKnownFileType = sourcecode.swift; path = JSModelRenderer.swift; sourceTree = "<group>"; };
		6948DB311EB6AB2C00EA902D /* JSFileRenderer.swift */ = {isa = PBXFileReference; fileEncoding = 4; lastKnownFileType = sourcecode.swift; path = JSFileRenderer.swift; sourceTree = "<group>"; };
		6948DB331EB6C41700EA902D /* JSADTExtension.swift */ = {isa = PBXFileReference; fileEncoding = 4; lastKnownFileType = sourcecode.swift; path = JSADTExtension.swift; sourceTree = "<group>"; };
		696C6E801EA928030039B52F /* JSFileGenerator.swift */ = {isa = PBXFileReference; fileEncoding = 4; lastKnownFileType = sourcecode.swift; path = JSFileGenerator.swift; sourceTree = "<group>"; };
		812A69CF1E53D2A1006A510E /* ObjectiveCEqualityExtension.swift */ = {isa = PBXFileReference; fileEncoding = 4; lastKnownFileType = sourcecode.swift; path = ObjectiveCEqualityExtension.swift; sourceTree = "<group>"; };
		812A69D11E53D30F006A510E /* ObjectiveCInitExtension.swift */ = {isa = PBXFileReference; fileEncoding = 4; lastKnownFileType = sourcecode.swift; path = ObjectiveCInitExtension.swift; sourceTree = "<group>"; };
		812A69D31E53D35F006A510E /* ObjectiveCBuilderExtension.swift */ = {isa = PBXFileReference; fileEncoding = 4; lastKnownFileType = sourcecode.swift; path = ObjectiveCBuilderExtension.swift; sourceTree = "<group>"; };
		812A69D51E53D44D006A510E /* ObjectiveCNSCodingExtension.swift */ = {isa = PBXFileReference; fileEncoding = 4; lastKnownFileType = sourcecode.swift; path = ObjectiveCNSCodingExtension.swift; sourceTree = "<group>"; };
		815009AD1F257E6D00635E87 /* ObjectiveCIRTests.swift */ = {isa = PBXFileReference; lastKnownFileType = sourcecode.swift; path = ObjectiveCIRTests.swift; sourceTree = "<group>"; };
		8152228C1E57766E00A4B873 /* ObjCADTRenderer.swift */ = {isa = PBXFileReference; fileEncoding = 4; lastKnownFileType = sourcecode.swift; path = ObjCADTRenderer.swift; sourceTree = "<group>"; };
		815A01191E54D2BA00017AFB /* ObjectiveCInitTests.swift */ = {isa = PBXFileReference; fileEncoding = 4; lastKnownFileType = sourcecode.swift; path = ObjectiveCInitTests.swift; sourceTree = "<group>"; };
		815A011B1E55100E00017AFB /* MockSchemaLoader.swift */ = {isa = PBXFileReference; fileEncoding = 4; lastKnownFileType = sourcecode.swift; path = MockSchemaLoader.swift; sourceTree = "<group>"; };
		8193AF2D1E66A7E600DEBD13 /* ObjectiveCDebugExtension.swift */ = {isa = PBXFileReference; fileEncoding = 4; lastKnownFileType = sourcecode.swift; path = ObjectiveCDebugExtension.swift; sourceTree = "<group>"; };
		8193AF2F1E66A87300DEBD13 /* ObjCFileRenderer.swift */ = {isa = PBXFileReference; fileEncoding = 4; lastKnownFileType = sourcecode.swift; path = ObjCFileRenderer.swift; sourceTree = "<group>"; };
		EE11EB4D1ECDEF1400DD6A00 /* ObjectiveCDictionaryExtension.swift */ = {isa = PBXFileReference; fileEncoding = 4; lastKnownFileType = sourcecode.swift; path = ObjectiveCDictionaryExtension.swift; sourceTree = "<group>"; };
		OBJ_10 /* ObjCModelRenderer.swift */ = {isa = PBXFileReference; lastKnownFileType = sourcecode.swift; lineEnding = 0; path = ObjCModelRenderer.swift; sourceTree = "<group>"; xcLanguageSpecificationIdentifier = xcode.lang.swift; };
		OBJ_11 /* ObjectiveCFileGenerator.swift */ = {isa = PBXFileReference; lastKnownFileType = sourcecode.swift; lineEnding = 0; path = ObjectiveCFileGenerator.swift; sourceTree = "<group>"; xcLanguageSpecificationIdentifier = xcode.lang.swift; };
		OBJ_12 /* ObjectiveCIR.swift */ = {isa = PBXFileReference; lastKnownFileType = sourcecode.swift; lineEnding = 0; path = ObjectiveCIR.swift; sourceTree = "<group>"; xcLanguageSpecificationIdentifier = xcode.lang.swift; };
		OBJ_13 /* Schema.swift */ = {isa = PBXFileReference; lastKnownFileType = sourcecode.swift; lineEnding = 0; path = Schema.swift; sourceTree = "<group>"; xcLanguageSpecificationIdentifier = xcode.lang.swift; };
		OBJ_14 /* SchemaLoader.swift */ = {isa = PBXFileReference; lastKnownFileType = sourcecode.swift; lineEnding = 0; path = SchemaLoader.swift; sourceTree = "<group>"; xcLanguageSpecificationIdentifier = xcode.lang.swift; };
		OBJ_15 /* StringExtensions.swift */ = {isa = PBXFileReference; lastKnownFileType = sourcecode.swift; lineEnding = 0; path = StringExtensions.swift; sourceTree = "<group>"; xcLanguageSpecificationIdentifier = xcode.lang.swift; };
		OBJ_17 /* Cli.swift */ = {isa = PBXFileReference; lastKnownFileType = sourcecode.swift; lineEnding = 0; path = Cli.swift; sourceTree = "<group>"; xcLanguageSpecificationIdentifier = xcode.lang.swift; };
		OBJ_18 /* main.swift */ = {isa = PBXFileReference; lastKnownFileType = sourcecode.swift; lineEnding = 0; path = main.swift; sourceTree = "<group>"; xcLanguageSpecificationIdentifier = xcode.lang.swift; };
		OBJ_21 /* LinuxTestIndex.swift */ = {isa = PBXFileReference; lastKnownFileType = sourcecode.swift; path = LinuxTestIndex.swift; sourceTree = "<group>"; };
		OBJ_22 /* PlankTestExtension.swift */ = {isa = PBXFileReference; lastKnownFileType = sourcecode.swift; lineEnding = 0; path = PlankTestExtension.swift; sourceTree = "<group>"; xcLanguageSpecificationIdentifier = xcode.lang.swift; };
		OBJ_23 /* Utility */ = {isa = PBXFileReference; lastKnownFileType = folder; path = Utility; sourceTree = SOURCE_ROOT; };
		OBJ_25 /* Core.framework */ = {isa = PBXFileReference; explicitFileType = wrapper.framework; path = Core.framework; sourceTree = BUILT_PRODUCTS_DIR; };
		OBJ_26 /* plank */ = {isa = PBXFileReference; lastKnownFileType = text; path = plank; sourceTree = BUILT_PRODUCTS_DIR; };
		OBJ_27 /* CoreTests.xctest */ = {isa = PBXFileReference; lastKnownFileType = file; path = CoreTests.xctest; sourceTree = BUILT_PRODUCTS_DIR; };
		OBJ_6 /* Package.swift */ = {isa = PBXFileReference; explicitFileType = sourcecode.swift; path = Package.swift; sourceTree = "<group>"; };
		OBJ_9 /* FileGenerator.swift */ = {isa = PBXFileReference; lastKnownFileType = sourcecode.swift; lineEnding = 0; path = FileGenerator.swift; sourceTree = "<group>"; xcLanguageSpecificationIdentifier = xcode.lang.swift; };
/* End PBXFileReference section */

/* Begin PBXFrameworksBuildPhase section */
		OBJ_40 /* Frameworks */ = {
			isa = PBXFrameworksBuildPhase;
			buildActionMask = 0;
			files = (
			);
			runOnlyForDeploymentPostprocessing = 0;
		};
		OBJ_48 /* Frameworks */ = {
			isa = PBXFrameworksBuildPhase;
			buildActionMask = 0;
			files = (
				OBJ_49 /* Core.framework in Frameworks */,
			);
			runOnlyForDeploymentPostprocessing = 0;
		};
		OBJ_58 /* Frameworks */ = {
			isa = PBXFrameworksBuildPhase;
			buildActionMask = 0;
			files = (
				OBJ_59 /* Core.framework in Frameworks */,
			);
			runOnlyForDeploymentPostprocessing = 0;
		};
/* End PBXFrameworksBuildPhase section */

/* Begin PBXGroup section */
		OBJ_16 /* plank */ = {
			isa = PBXGroup;
			children = (
				OBJ_17 /* Cli.swift */,
				OBJ_18 /* main.swift */,
			);
			name = plank;
			path = Sources/plank;
			sourceTree = SOURCE_ROOT;
		};
		OBJ_19 /* Tests */ = {
			isa = PBXGroup;
			children = (
				OBJ_20 /* CoreTests */,
			);
			path = Tests;
			sourceTree = "<group>";
		};
		OBJ_20 /* CoreTests */ = {
			isa = PBXGroup;
			children = (
				OBJ_21 /* LinuxTestIndex.swift */,
				OBJ_22 /* PlankTestExtension.swift */,
				815A01191E54D2BA00017AFB /* ObjectiveCInitTests.swift */,
				815A011B1E55100E00017AFB /* MockSchemaLoader.swift */,
				691F9DFE1EF41CD10002CE40 /* StringExtensionsTests.swift */,
				815009AD1F257E6D00635E87 /* ObjectiveCIRTests.swift */,
			);
			name = CoreTests;
			path = Tests/CoreTests;
			sourceTree = SOURCE_ROOT;
		};
		OBJ_24 /* Products */ = {
			isa = PBXGroup;
			children = (
				OBJ_25 /* Core.framework */,
				OBJ_26 /* plank */,
				OBJ_27 /* CoreTests.xctest */,
			);
			name = Products;
			sourceTree = BUILT_PRODUCTS_DIR;
		};
		OBJ_5 = {
			isa = PBXGroup;
			children = (
				OBJ_6 /* Package.swift */,
				OBJ_7 /* Sources */,
				OBJ_19 /* Tests */,
				OBJ_23 /* Utility */,
				OBJ_24 /* Products */,
			);
			sourceTree = "<group>";
			usesTabs = 0;
		};
		OBJ_7 /* Sources */ = {
			isa = PBXGroup;
			children = (
				OBJ_8 /* Core */,
				OBJ_16 /* plank */,
			);
			path = Sources;
			sourceTree = "<group>";
		};
		OBJ_8 /* Core */ = {
			isa = PBXGroup;
			children = (
				OBJ_9 /* FileGenerator.swift */,
				6948DB331EB6C41700EA902D /* JSADTExtension.swift */,
				696C6E801EA928030039B52F /* JSFileGenerator.swift */,
				6948DB311EB6AB2C00EA902D /* JSFileRenderer.swift */,
				692EA6111EAFF3A9000D9A19 /* JSRuntimeFile.swift */,
				6948DB2B1EB6A98C00EA902D /* JSIR.swift */,
				6948DB2F1EB6AA5900EA902D /* JSModelRenderer.swift */,
				8152228C1E57766E00A4B873 /* ObjCADTRenderer.swift */,
				8193AF2F1E66A87300DEBD13 /* ObjCFileRenderer.swift */,
				OBJ_10 /* ObjCModelRenderer.swift */,
				812A69D31E53D35F006A510E /* ObjectiveCBuilderExtension.swift */,
				8193AF2D1E66A7E600DEBD13 /* ObjectiveCDebugExtension.swift */,
				EE11EB4D1ECDEF1400DD6A00 /* ObjectiveCDictionaryExtension.swift */,
				812A69CF1E53D2A1006A510E /* ObjectiveCEqualityExtension.swift */,
				OBJ_11 /* ObjectiveCFileGenerator.swift */,
				812A69D11E53D30F006A510E /* ObjectiveCInitExtension.swift */,
				OBJ_12 /* ObjectiveCIR.swift */,
				812A69D51E53D44D006A510E /* ObjectiveCNSCodingExtension.swift */,
				OBJ_13 /* Schema.swift */,
				OBJ_14 /* SchemaLoader.swift */,
				OBJ_15 /* StringExtensions.swift */,
			);
			name = Core;
			path = Sources/Core;
			sourceTree = SOURCE_ROOT;
		};
/* End PBXGroup section */

/* Begin PBXNativeTarget section */
		OBJ_28 /* Core */ = {
			isa = PBXNativeTarget;
			buildConfigurationList = OBJ_29 /* Build configuration list for PBXNativeTarget "Core" */;
			buildPhases = (
				812A69CC1E53D00E006A510E /* ShellScript */,
				OBJ_32 /* Sources */,
				OBJ_40 /* Frameworks */,
			);
			buildRules = (
			);
			dependencies = (
			);
			name = Core;
			productName = Core;
			productReference = OBJ_25 /* Core.framework */;
			productType = "com.apple.product-type.framework";
		};
		OBJ_41 /* plank */ = {
			isa = PBXNativeTarget;
			buildConfigurationList = OBJ_42 /* Build configuration list for PBXNativeTarget "plank" */;
			buildPhases = (
				OBJ_45 /* Sources */,
				OBJ_48 /* Frameworks */,
			);
			buildRules = (
			);
			dependencies = (
				OBJ_50 /* PBXTargetDependency */,
			);
			name = plank;
			productName = plank;
			productReference = OBJ_26 /* plank */;
			productType = "com.apple.product-type.tool";
		};
		OBJ_51 /* CoreTests */ = {
			isa = PBXNativeTarget;
			buildConfigurationList = OBJ_52 /* Build configuration list for PBXNativeTarget "CoreTests" */;
			buildPhases = (
				OBJ_55 /* Sources */,
				OBJ_58 /* Frameworks */,
			);
			buildRules = (
			);
			dependencies = (
				OBJ_60 /* PBXTargetDependency */,
			);
			name = CoreTests;
			productName = CoreTests;
			productReference = OBJ_27 /* CoreTests.xctest */;
			productType = "com.apple.product-type.bundle.unit-test";
		};
/* End PBXNativeTarget section */

/* Begin PBXProject section */
		OBJ_1 /* Project object */ = {
			isa = PBXProject;
			attributes = {
				LastUpgradeCheck = 9999;
			};
			buildConfigurationList = OBJ_2 /* Build configuration list for PBXProject "plank" */;
			compatibilityVersion = "Xcode 3.2";
			developmentRegion = English;
			hasScannedForEncodings = 0;
			knownRegions = (
				en,
			);
			mainGroup = OBJ_5;
			productRefGroup = OBJ_24 /* Products */;
			projectDirPath = "";
			projectRoot = "";
			targets = (
				OBJ_28 /* Core */,
				OBJ_41 /* plank */,
				OBJ_51 /* CoreTests */,
			);
		};
/* End PBXProject section */

/* Begin PBXShellScriptBuildPhase section */
		812A69CC1E53D00E006A510E /* ShellScript */ = {
			isa = PBXShellScriptBuildPhase;
			buildActionMask = 2147483647;
			files = (
			);
			inputPaths = (
			);
			outputPaths = (
			);
			runOnlyForDeploymentPostprocessing = 0;
			shellPath = /bin/sh;
			shellScript = "if which swiftlint >/dev/null; then\nswiftlint\nelse\necho \"warning: SwiftLint not installed, download from https://github.com/realm/SwiftLint\"\nfi";
		};
/* End PBXShellScriptBuildPhase section */

/* Begin PBXSourcesBuildPhase section */
		OBJ_32 /* Sources */ = {
			isa = PBXSourcesBuildPhase;
			buildActionMask = 0;
			files = (
				OBJ_33 /* FileGenerator.swift in Sources */,
				812A69D21E53D30F006A510E /* ObjectiveCInitExtension.swift in Sources */,
				EE11EB4E1ECDEF1400DD6A00 /* ObjectiveCDictionaryExtension.swift in Sources */,
				OBJ_34 /* ObjCModelRenderer.swift in Sources */,
				692EA6121EAFF3A9000D9A19 /* JSRuntimeFile.swift in Sources */,
				OBJ_35 /* ObjectiveCFileGenerator.swift in Sources */,
				6948DB301EB6AA5900EA902D /* JSModelRenderer.swift in Sources */,
				696C6E811EA928030039B52F /* JSFileGenerator.swift in Sources */,
				OBJ_36 /* ObjectiveCIR.swift in Sources */,
				OBJ_37 /* Schema.swift in Sources */,
				812A69D41E53D35F006A510E /* ObjectiveCBuilderExtension.swift in Sources */,
				6948DB341EB6C41700EA902D /* JSADTExtension.swift in Sources */,
				OBJ_38 /* SchemaLoader.swift in Sources */,
				8193AF2E1E66A7E600DEBD13 /* ObjectiveCDebugExtension.swift in Sources */,
				OBJ_39 /* StringExtensions.swift in Sources */,
				6948DB2C1EB6A98C00EA902D /* JSIR.swift in Sources */,
				812A69D01E53D2A1006A510E /* ObjectiveCEqualityExtension.swift in Sources */,
				812A69D61E53D44D006A510E /* ObjectiveCNSCodingExtension.swift in Sources */,
				6948DB321EB6AB2C00EA902D /* JSFileRenderer.swift in Sources */,
				8193AF301E66A87300DEBD13 /* ObjCFileRenderer.swift in Sources */,
				8152228D1E57766E00A4B873 /* ObjCADTRenderer.swift in Sources */,
			);
			runOnlyForDeploymentPostprocessing = 0;
		};
		OBJ_45 /* Sources */ = {
			isa = PBXSourcesBuildPhase;
			buildActionMask = 0;
			files = (
				OBJ_46 /* Cli.swift in Sources */,
				OBJ_47 /* main.swift in Sources */,
			);
			runOnlyForDeploymentPostprocessing = 0;
		};
		OBJ_55 /* Sources */ = {
			isa = PBXSourcesBuildPhase;
			buildActionMask = 0;
			files = (
				815009AE1F257E6D00635E87 /* ObjectiveCIRTests.swift in Sources */,
				OBJ_56 /* LinuxTestIndex.swift in Sources */,
				OBJ_57 /* PlankTestExtension.swift in Sources */,
				815A011A1E54D2BA00017AFB /* ObjectiveCInitTests.swift in Sources */,
				691F9DFF1EF41CD10002CE40 /* StringExtensionsTests.swift in Sources */,
				815A011C1E55100E00017AFB /* MockSchemaLoader.swift in Sources */,
			);
			runOnlyForDeploymentPostprocessing = 0;
		};
/* End PBXSourcesBuildPhase section */

/* Begin PBXTargetDependency section */
		OBJ_50 /* PBXTargetDependency */ = {
			isa = PBXTargetDependency;
			target = OBJ_28 /* Core */;
			targetProxy = 81F066ED1E4AE1AA00263E31 /* PBXContainerItemProxy */;
		};
		OBJ_60 /* PBXTargetDependency */ = {
			isa = PBXTargetDependency;
			target = OBJ_28 /* Core */;
			targetProxy = 81F066EE1E4AE1AA00263E31 /* PBXContainerItemProxy */;
		};
/* End PBXTargetDependency section */

/* Begin XCBuildConfiguration section */
		OBJ_3 /* Debug */ = {
			isa = XCBuildConfiguration;
			buildSettings = {
				CLANG_WARN_DOCUMENTATION_COMMENTS = YES;
				CLANG_WARN_SUSPICIOUS_IMPLICIT_CONVERSION = YES;
				CLANG_WARN_UNREACHABLE_CODE = YES_AGGRESSIVE;
				COMBINE_HIDPI_IMAGES = YES;
				COPY_PHASE_STRIP = NO;
				DEBUG_INFORMATION_FORMAT = dwarf;
				DYLIB_INSTALL_NAME_BASE = "@rpath";
				ENABLE_NS_ASSERTIONS = YES;
				GCC_OPTIMIZATION_LEVEL = 0;
				GCC_TREAT_WARNINGS_AS_ERRORS = YES;
				GCC_WARN_ABOUT_MISSING_FIELD_INITIALIZERS = YES;
				GCC_WARN_ABOUT_MISSING_NEWLINE = YES;
				GCC_WARN_ABOUT_RETURN_TYPE = YES;
				GCC_WARN_SHADOW = YES;
				GCC_WARN_UNUSED_FUNCTION = YES;
				GCC_WARN_UNUSED_LABEL = YES;
				GCC_WARN_UNUSED_VARIABLE = YES;
				MACOSX_DEPLOYMENT_TARGET = 10.10;
				ONLY_ACTIVE_ARCH = YES;
				OTHER_SWIFT_FLAGS = "-DXcode";
				PRODUCT_NAME = "$(TARGET_NAME)";
				SDKROOT = macosx;
				SUPPORTED_PLATFORMS = "macosx iphoneos iphonesimulator appletvos appletvsimulator watchos watchsimulator";
				SWIFT_ACTIVE_COMPILATION_CONDITIONS = SWIFT_PACKAGE;
				SWIFT_OPTIMIZATION_LEVEL = "-Onone";
				SWIFT_TREAT_WARNINGS_AS_ERRORS = YES;
				SWIFT_VERSION = 3.0;
				USE_HEADERMAP = NO;
			};
			name = Debug;
		};
		OBJ_30 /* Debug */ = {
			isa = XCBuildConfiguration;
			buildSettings = {
				ENABLE_TESTABILITY = YES;
				FRAMEWORK_SEARCH_PATHS = (
					"$(inherited)",
					"$(PLATFORM_DIR)/Developer/Library/Frameworks",
				);
				HEADER_SEARCH_PATHS = "$(inherited)";
				INFOPLIST_FILE = plank.xcodeproj/Core_Info.plist;
				LD_RUNPATH_SEARCH_PATHS = "$(TOOLCHAIN_DIR)/usr/lib/swift/macosx";
				OTHER_LDFLAGS = "$(inherited)";
				OTHER_SWIFT_FLAGS = "$(inherited)";
				PRODUCT_BUNDLE_IDENTIFIER = Core;
				PRODUCT_MODULE_NAME = "$(TARGET_NAME:c99extidentifier)";
				PRODUCT_NAME = "$(TARGET_NAME:c99extidentifier)";
				TARGET_NAME = Core;
			};
			name = Debug;
		};
		OBJ_31 /* Release */ = {
			isa = XCBuildConfiguration;
			buildSettings = {
				ENABLE_TESTABILITY = YES;
				FRAMEWORK_SEARCH_PATHS = (
					"$(inherited)",
					"$(PLATFORM_DIR)/Developer/Library/Frameworks",
				);
				HEADER_SEARCH_PATHS = "$(inherited)";
				INFOPLIST_FILE = plank.xcodeproj/Core_Info.plist;
				LD_RUNPATH_SEARCH_PATHS = "$(TOOLCHAIN_DIR)/usr/lib/swift/macosx";
				OTHER_LDFLAGS = "$(inherited)";
				OTHER_SWIFT_FLAGS = "$(inherited)";
				PRODUCT_BUNDLE_IDENTIFIER = Core;
				PRODUCT_MODULE_NAME = "$(TARGET_NAME:c99extidentifier)";
				PRODUCT_NAME = "$(TARGET_NAME:c99extidentifier)";
				TARGET_NAME = Core;
			};
			name = Release;
		};
		OBJ_4 /* Release */ = {
			isa = XCBuildConfiguration;
			buildSettings = {
				CLANG_WARN_DOCUMENTATION_COMMENTS = YES;
				CLANG_WARN_SUSPICIOUS_IMPLICIT_CONVERSION = YES;
				CLANG_WARN_UNREACHABLE_CODE = YES_AGGRESSIVE;
				COMBINE_HIDPI_IMAGES = YES;
				COPY_PHASE_STRIP = YES;
				DEBUG_INFORMATION_FORMAT = "dwarf-with-dsym";
				DYLIB_INSTALL_NAME_BASE = "@rpath";
				GCC_OPTIMIZATION_LEVEL = s;
				GCC_TREAT_WARNINGS_AS_ERRORS = YES;
				GCC_WARN_ABOUT_MISSING_FIELD_INITIALIZERS = YES;
				GCC_WARN_ABOUT_MISSING_NEWLINE = YES;
				GCC_WARN_ABOUT_RETURN_TYPE = YES;
				GCC_WARN_SHADOW = YES;
				GCC_WARN_UNUSED_FUNCTION = YES;
				GCC_WARN_UNUSED_LABEL = YES;
				GCC_WARN_UNUSED_VARIABLE = YES;
				MACOSX_DEPLOYMENT_TARGET = 10.10;
				OTHER_SWIFT_FLAGS = "-DXcode";
				PRODUCT_NAME = "$(TARGET_NAME)";
				SDKROOT = macosx;
				SUPPORTED_PLATFORMS = "macosx iphoneos iphonesimulator appletvos appletvsimulator watchos watchsimulator";
				SWIFT_ACTIVE_COMPILATION_CONDITIONS = SWIFT_PACKAGE;
				SWIFT_OPTIMIZATION_LEVEL = "-O";
				SWIFT_TREAT_WARNINGS_AS_ERRORS = YES;
				SWIFT_VERSION = 3.0;
				USE_HEADERMAP = NO;
			};
			name = Release;
		};
		OBJ_43 /* Debug */ = {
			isa = XCBuildConfiguration;
			buildSettings = {
				FRAMEWORK_SEARCH_PATHS = (
					"$(inherited)",
					"$(PLATFORM_DIR)/Developer/Library/Frameworks",
				);
				HEADER_SEARCH_PATHS = "$(inherited)";
				INFOPLIST_FILE = plank.xcodeproj/plank_Info.plist;
				LD_RUNPATH_SEARCH_PATHS = "$(TOOLCHAIN_DIR)/usr/lib/swift/macosx @executable_path";
				OTHER_LDFLAGS = "$(inherited)";
				OTHER_SWIFT_FLAGS = "$(inherited)";
				SWIFT_FORCE_DYNAMIC_LINK_STDLIB = YES;
				SWIFT_FORCE_STATIC_LINK_STDLIB = NO;
				TARGET_NAME = plank;
			};
			name = Debug;
		};
		OBJ_44 /* Release */ = {
			isa = XCBuildConfiguration;
			buildSettings = {
				FRAMEWORK_SEARCH_PATHS = (
					"$(inherited)",
					"$(PLATFORM_DIR)/Developer/Library/Frameworks",
				);
				HEADER_SEARCH_PATHS = "$(inherited)";
				INFOPLIST_FILE = plank.xcodeproj/plank_Info.plist;
				LD_RUNPATH_SEARCH_PATHS = "$(TOOLCHAIN_DIR)/usr/lib/swift/macosx @executable_path";
				OTHER_LDFLAGS = "$(inherited)";
				OTHER_SWIFT_FLAGS = "$(inherited)";
				SWIFT_FORCE_DYNAMIC_LINK_STDLIB = YES;
				SWIFT_FORCE_STATIC_LINK_STDLIB = NO;
				TARGET_NAME = plank;
			};
			name = Release;
		};
		OBJ_53 /* Debug */ = {
			isa = XCBuildConfiguration;
			buildSettings = {
				EMBEDDED_CONTENT_CONTAINS_SWIFT = YES;
				FRAMEWORK_SEARCH_PATHS = (
					"$(inherited)",
					"$(PLATFORM_DIR)/Developer/Library/Frameworks",
				);
				HEADER_SEARCH_PATHS = "$(inherited)";
				INFOPLIST_FILE = plank.xcodeproj/CoreTests_Info.plist;
				LD_RUNPATH_SEARCH_PATHS = "@loader_path/../Frameworks";
				OTHER_LDFLAGS = "$(inherited)";
				OTHER_SWIFT_FLAGS = "$(inherited)";
				TARGET_NAME = CoreTests;
			};
			name = Debug;
		};
		OBJ_54 /* Release */ = {
			isa = XCBuildConfiguration;
			buildSettings = {
				EMBEDDED_CONTENT_CONTAINS_SWIFT = YES;
				FRAMEWORK_SEARCH_PATHS = (
					"$(inherited)",
					"$(PLATFORM_DIR)/Developer/Library/Frameworks",
				);
				HEADER_SEARCH_PATHS = "$(inherited)";
				INFOPLIST_FILE = plank.xcodeproj/CoreTests_Info.plist;
				LD_RUNPATH_SEARCH_PATHS = "@loader_path/../Frameworks";
				OTHER_LDFLAGS = "$(inherited)";
				OTHER_SWIFT_FLAGS = "$(inherited)";
				TARGET_NAME = CoreTests;
			};
			name = Release;
		};
/* End XCBuildConfiguration section */

/* Begin XCConfigurationList section */
		OBJ_2 /* Build configuration list for PBXProject "plank" */ = {
			isa = XCConfigurationList;
			buildConfigurations = (
				OBJ_3 /* Debug */,
				OBJ_4 /* Release */,
			);
			defaultConfigurationIsVisible = 0;
			defaultConfigurationName = Debug;
		};
		OBJ_29 /* Build configuration list for PBXNativeTarget "Core" */ = {
			isa = XCConfigurationList;
			buildConfigurations = (
				OBJ_30 /* Debug */,
				OBJ_31 /* Release */,
			);
			defaultConfigurationIsVisible = 0;
			defaultConfigurationName = Debug;
		};
		OBJ_42 /* Build configuration list for PBXNativeTarget "plank" */ = {
			isa = XCConfigurationList;
			buildConfigurations = (
				OBJ_43 /* Debug */,
				OBJ_44 /* Release */,
			);
			defaultConfigurationIsVisible = 0;
			defaultConfigurationName = Debug;
		};
		OBJ_52 /* Build configuration list for PBXNativeTarget "CoreTests" */ = {
			isa = XCConfigurationList;
			buildConfigurations = (
				OBJ_53 /* Debug */,
				OBJ_54 /* Release */,
			);
			defaultConfigurationIsVisible = 0;
			defaultConfigurationName = Debug;
		};
/* End XCConfigurationList section */
	};
	rootObject = OBJ_1 /* Project object */;
}
