// !$*UTF8*$!
{
   archiveVersion = "1";
   objectVersion = "46";
   objects = {
      "OBJ_1" = {
         isa = "PBXProject";
         attributes = {
            LastUpgradeCheck = "9999";
         };
         buildConfigurationList = "OBJ_2";
         compatibilityVersion = "Xcode 3.2";
         developmentRegion = "English";
         hasScannedForEncodings = "0";
         knownRegions = (
            "en"
         );
         mainGroup = "OBJ_5";
         productRefGroup = "OBJ_51";
         projectDirPath = ".";
         targets = (
            "plank::Core",
            "plank::CoreTests",
            "plank::plank",
            "plank::SwiftPMPackageDescription",
            "plank::plankPackageTests::ProductTarget"
         );
      };
      "OBJ_10" = {
         isa = "PBXFileReference";
         path = "JSADTExtension.swift";
         sourceTree = "<group>";
      };
      "OBJ_100" = {
         isa = "PBXTargetDependency";
         target = "plank::Core";
      };
      "OBJ_102" = {
         isa = "XCConfigurationList";
         buildConfigurations = (
            "OBJ_103",
            "OBJ_104"
         );
         defaultConfigurationIsVisible = "0";
         defaultConfigurationName = "Release";
      };
      "OBJ_103" = {
         isa = "XCBuildConfiguration";
         buildSettings = {
            FRAMEWORK_SEARCH_PATHS = (
               "$(inherited)",
               "$(PLATFORM_DIR)/Developer/Library/Frameworks"
            );
            HEADER_SEARCH_PATHS = (
               "$(inherited)"
            );
            INFOPLIST_FILE = "plank.xcodeproj/plank_Info.plist";
            LD_RUNPATH_SEARCH_PATHS = (
               "$(inherited)",
               "$(TOOLCHAIN_DIR)/usr/lib/swift/macosx",
               "@executable_path"
            );
            OTHER_CFLAGS = (
               "$(inherited)"
            );
            OTHER_LDFLAGS = (
               "$(inherited)"
            );
            OTHER_SWIFT_FLAGS = (
               "$(inherited)"
            );
            SWIFT_ACTIVE_COMPILATION_CONDITIONS = (
               "$(inherited)"
            );
            SWIFT_FORCE_DYNAMIC_LINK_STDLIB = "YES";
            SWIFT_FORCE_STATIC_LINK_STDLIB = "NO";
            SWIFT_VERSION = "4.0";
            TARGET_NAME = "plank";
         };
         name = "Debug";
      };
      "OBJ_104" = {
         isa = "XCBuildConfiguration";
         buildSettings = {
            FRAMEWORK_SEARCH_PATHS = (
               "$(inherited)",
               "$(PLATFORM_DIR)/Developer/Library/Frameworks"
            );
            HEADER_SEARCH_PATHS = (
               "$(inherited)"
            );
            INFOPLIST_FILE = "plank.xcodeproj/plank_Info.plist";
            LD_RUNPATH_SEARCH_PATHS = (
               "$(inherited)",
               "$(TOOLCHAIN_DIR)/usr/lib/swift/macosx",
               "@executable_path"
            );
            OTHER_CFLAGS = (
               "$(inherited)"
            );
            OTHER_LDFLAGS = (
               "$(inherited)"
            );
            OTHER_SWIFT_FLAGS = (
               "$(inherited)"
            );
            SWIFT_ACTIVE_COMPILATION_CONDITIONS = (
               "$(inherited)"
            );
            SWIFT_FORCE_DYNAMIC_LINK_STDLIB = "YES";
            SWIFT_FORCE_STATIC_LINK_STDLIB = "NO";
            SWIFT_VERSION = "4.0";
            TARGET_NAME = "plank";
         };
         name = "Release";
      };
      "OBJ_105" = {
         isa = "PBXSourcesBuildPhase";
         files = (
            "OBJ_106",
            "OBJ_107",
            "OBJ_108"
         );
      };
      "OBJ_106" = {
         isa = "PBXBuildFile";
         fileRef = "OBJ_36";
      };
      "OBJ_107" = {
         isa = "PBXBuildFile";
         fileRef = "OBJ_37";
      };
      "OBJ_108" = {
         isa = "PBXBuildFile";
         fileRef = "OBJ_38";
      };
      "OBJ_109" = {
         isa = "PBXFrameworksBuildPhase";
         files = (
            "OBJ_110"
         );
      };
      "OBJ_11" = {
         isa = "PBXFileReference";
         path = "JSFileGenerator.swift";
         sourceTree = "<group>";
      };
      "OBJ_110" = {
         isa = "PBXBuildFile";
         fileRef = "plank::Core::Product";
      };
      "OBJ_111" = {
         isa = "PBXTargetDependency";
         target = "plank::Core";
      };
      "OBJ_113" = {
         isa = "XCConfigurationList";
         buildConfigurations = (
            "OBJ_114",
            "OBJ_115"
         );
         defaultConfigurationIsVisible = "0";
         defaultConfigurationName = "Release";
      };
      "OBJ_114" = {
         isa = "XCBuildConfiguration";
         buildSettings = {
            LD = "/usr/bin/true";
            OTHER_SWIFT_FLAGS = (
               "-swift-version",
               "4",
               "-I",
               "$(TOOLCHAIN_DIR)/usr/lib/swift/pm/4",
               "-target",
               "x86_64-apple-macosx10.10",
               "-sdk",
               "/Applications/Xcode-beta.app/Contents/Developer/Platforms/MacOSX.platform/Developer/SDKs/MacOSX10.14.sdk"
            );
            SWIFT_VERSION = "4.0";
         };
         name = "Debug";
      };
      "OBJ_115" = {
         isa = "XCBuildConfiguration";
         buildSettings = {
            LD = "/usr/bin/true";
            OTHER_SWIFT_FLAGS = (
               "-swift-version",
               "4",
               "-I",
               "$(TOOLCHAIN_DIR)/usr/lib/swift/pm/4",
               "-target",
               "x86_64-apple-macosx10.10",
               "-sdk",
               "/Applications/Xcode-beta.app/Contents/Developer/Platforms/MacOSX.platform/Developer/SDKs/MacOSX10.14.sdk"
            );
            SWIFT_VERSION = "4.0";
         };
         name = "Release";
      };
      "OBJ_116" = {
         isa = "PBXSourcesBuildPhase";
         files = (
            "OBJ_117"
         );
      };
      "OBJ_117" = {
         isa = "PBXBuildFile";
         fileRef = "OBJ_6";
      };
      "OBJ_119" = {
         isa = "XCConfigurationList";
         buildConfigurations = (
            "OBJ_120",
            "OBJ_121"
         );
         defaultConfigurationIsVisible = "0";
         defaultConfigurationName = "Release";
      };
      "OBJ_12" = {
         isa = "PBXFileReference";
         path = "JSFileRenderer.swift";
         sourceTree = "<group>";
      };
      "OBJ_120" = {
         isa = "XCBuildConfiguration";
         buildSettings = {
         };
         name = "Debug";
      };
      "OBJ_121" = {
         isa = "XCBuildConfiguration";
         buildSettings = {
         };
         name = "Release";
      };
      "OBJ_122" = {
         isa = "PBXTargetDependency";
         target = "plank::CoreTests";
      };
      "OBJ_13" = {
         isa = "PBXFileReference";
         path = "JSIR.swift";
         sourceTree = "<group>";
      };
      "OBJ_14" = {
         isa = "PBXFileReference";
         path = "JSModelRenderer.swift";
         sourceTree = "<group>";
      };
      "OBJ_15" = {
         isa = "PBXFileReference";
         path = "JSRuntimeFile.swift";
         sourceTree = "<group>";
      };
      "OBJ_16" = {
         isa = "PBXFileReference";
         path = "JavaADTRenderer.swift";
         sourceTree = "<group>";
      };
      "OBJ_17" = {
         isa = "PBXFileReference";
         path = "JavaFileGenerator.swift";
         sourceTree = "<group>";
      };
      "OBJ_18" = {
         isa = "PBXFileReference";
         path = "JavaFileRenderer.swift";
         sourceTree = "<group>";
      };
      "OBJ_19" = {
         isa = "PBXFileReference";
         path = "JavaIR.swift";
         sourceTree = "<group>";
      };
      "OBJ_2" = {
         isa = "XCConfigurationList";
         buildConfigurations = (
            "OBJ_3",
            "OBJ_4"
         );
         defaultConfigurationIsVisible = "0";
         defaultConfigurationName = "Release";
      };
      "OBJ_20" = {
         isa = "PBXFileReference";
         path = "JavaModelRenderer.swift";
         sourceTree = "<group>";
      };
      "OBJ_21" = {
         isa = "PBXFileReference";
         path = "ObjCADTRenderer.swift";
         sourceTree = "<group>";
      };
      "OBJ_22" = {
         isa = "PBXFileReference";
         path = "ObjCFileRenderer.swift";
         sourceTree = "<group>";
      };
      "OBJ_23" = {
         isa = "PBXFileReference";
         path = "ObjCModelRenderer.swift";
         sourceTree = "<group>";
      };
      "OBJ_24" = {
         isa = "PBXFileReference";
         path = "ObjectiveCBuilderExtension.swift";
         sourceTree = "<group>";
      };
      "OBJ_25" = {
         isa = "PBXFileReference";
         path = "ObjectiveCDebugExtension.swift";
         sourceTree = "<group>";
      };
      "OBJ_26" = {
         isa = "PBXFileReference";
         path = "ObjectiveCDictionaryExtension.swift";
         sourceTree = "<group>";
      };
      "OBJ_27" = {
         isa = "PBXFileReference";
         path = "ObjectiveCEqualityExtension.swift";
         sourceTree = "<group>";
      };
      "OBJ_28" = {
         isa = "PBXFileReference";
         path = "ObjectiveCFileGenerator.swift";
         sourceTree = "<group>";
      };
      "OBJ_29" = {
         isa = "PBXFileReference";
         path = "ObjectiveCIR.swift";
         sourceTree = "<group>";
      };
      "OBJ_3" = {
         isa = "XCBuildConfiguration";
         buildSettings = {
            CLANG_ENABLE_OBJC_ARC = "YES";
            COMBINE_HIDPI_IMAGES = "YES";
            COPY_PHASE_STRIP = "NO";
            DEBUG_INFORMATION_FORMAT = "dwarf";
            DYLIB_INSTALL_NAME_BASE = "@rpath";
            ENABLE_NS_ASSERTIONS = "YES";
            GCC_OPTIMIZATION_LEVEL = "0";
            GCC_PREPROCESSOR_DEFINITIONS = (
               "DEBUG=1",
               "$(inherited)"
            );
            MACOSX_DEPLOYMENT_TARGET = "10.10";
            ONLY_ACTIVE_ARCH = "YES";
            OTHER_SWIFT_FLAGS = (
               "-DXcode"
            );
            PRODUCT_NAME = "$(TARGET_NAME)";
            SDKROOT = "macosx";
            SUPPORTED_PLATFORMS = (
               "macosx",
               "iphoneos",
               "iphonesimulator",
               "appletvos",
               "appletvsimulator",
               "watchos",
               "watchsimulator"
            );
            SWIFT_ACTIVE_COMPILATION_CONDITIONS = (
               "SWIFT_PACKAGE",
               "DEBUG"
            );
            SWIFT_OPTIMIZATION_LEVEL = "-Onone";
            USE_HEADERMAP = "NO";
         };
         name = "Debug";
      };
      "OBJ_30" = {
         isa = "PBXFileReference";
         path = "ObjectiveCInitExtension.swift";
         sourceTree = "<group>";
      };
      "OBJ_31" = {
         isa = "PBXFileReference";
         path = "ObjectiveCNSCodingExtension.swift";
         sourceTree = "<group>";
      };
      "OBJ_32" = {
         isa = "PBXFileReference";
         path = "Schema.swift";
         sourceTree = "<group>";
      };
      "OBJ_33" = {
         isa = "PBXFileReference";
         path = "SchemaLoader.swift";
         sourceTree = "<group>";
      };
      "OBJ_34" = {
         isa = "PBXFileReference";
         path = "StringExtensions.swift";
         sourceTree = "<group>";
      };
      "OBJ_35" = {
         isa = "PBXGroup";
         children = (
            "OBJ_36",
            "OBJ_37",
            "OBJ_38"
         );
         name = "plank";
         path = "Sources/plank";
         sourceTree = "SOURCE_ROOT";
      };
      "OBJ_36" = {
         isa = "PBXFileReference";
         path = "Cli.swift";
         sourceTree = "<group>";
      };
      "OBJ_37" = {
         isa = "PBXFileReference";
         path = "Version.swift";
         sourceTree = "<group>";
      };
      "OBJ_38" = {
         isa = "PBXFileReference";
         path = "main.swift";
         sourceTree = "<group>";
      };
      "OBJ_39" = {
         isa = "PBXGroup";
         children = (
            "OBJ_40"
         );
         name = "Tests";
         path = "";
         sourceTree = "SOURCE_ROOT";
      };
      "OBJ_4" = {
         isa = "XCBuildConfiguration";
         buildSettings = {
            CLANG_ENABLE_OBJC_ARC = "YES";
            COMBINE_HIDPI_IMAGES = "YES";
            COPY_PHASE_STRIP = "YES";
            DEBUG_INFORMATION_FORMAT = "dwarf-with-dsym";
            DYLIB_INSTALL_NAME_BASE = "@rpath";
            GCC_OPTIMIZATION_LEVEL = "s";
            MACOSX_DEPLOYMENT_TARGET = "10.10";
            OTHER_SWIFT_FLAGS = (
               "-DXcode"
            );
            PRODUCT_NAME = "$(TARGET_NAME)";
            SDKROOT = "macosx";
            SUPPORTED_PLATFORMS = (
               "macosx",
               "iphoneos",
               "iphonesimulator",
               "appletvos",
               "appletvsimulator",
               "watchos",
               "watchsimulator"
            );
            SWIFT_ACTIVE_COMPILATION_CONDITIONS = (
               "SWIFT_PACKAGE"
            );
            SWIFT_OPTIMIZATION_LEVEL = "-Owholemodule";
            USE_HEADERMAP = "NO";
         };
         name = "Release";
      };
      "OBJ_40" = {
         isa = "PBXGroup";
         children = (
            "OBJ_41",
            "OBJ_42",
            "OBJ_43",
            "OBJ_44",
            "OBJ_45",
            "OBJ_46"
         );
         name = "CoreTests";
         path = "Tests/CoreTests";
         sourceTree = "SOURCE_ROOT";
      };
      "OBJ_41" = {
         isa = "PBXFileReference";
         path = "LinuxTestIndex.swift";
         sourceTree = "<group>";
      };
      "OBJ_42" = {
         isa = "PBXFileReference";
         path = "MockSchemaLoader.swift";
         sourceTree = "<group>";
      };
      "OBJ_43" = {
         isa = "PBXFileReference";
         path = "ObjectiveCIRTests.swift";
         sourceTree = "<group>";
      };
      "OBJ_44" = {
         isa = "PBXFileReference";
         path = "ObjectiveCInitTests.swift";
         sourceTree = "<group>";
      };
      "OBJ_45" = {
         isa = "PBXFileReference";
         path = "PlankTestExtension.swift";
         sourceTree = "<group>";
      };
      "OBJ_46" = {
         isa = "PBXFileReference";
         path = "StringExtensionsTests.swift";
         sourceTree = "<group>";
      };
      "OBJ_47" = {
         isa = "PBXFileReference";
         path = "CI";
         sourceTree = "SOURCE_ROOT";
      };
      "OBJ_48" = {
         isa = "PBXFileReference";
         path = "docs";
         sourceTree = "SOURCE_ROOT";
      };
      "OBJ_49" = {
         isa = "PBXFileReference";
         path = "Examples";
         sourceTree = "SOURCE_ROOT";
      };
      "OBJ_5" = {
         isa = "PBXGroup";
         children = (
            "OBJ_6",
            "OBJ_7",
            "OBJ_39",
            "OBJ_47",
            "OBJ_48",
            "OBJ_49",
            "OBJ_50",
            "OBJ_51"
         );
         path = "";
         sourceTree = "<group>";
      };
      "OBJ_50" = {
         isa = "PBXFileReference";
         path = "Utility";
         sourceTree = "SOURCE_ROOT";
      };
      "OBJ_51" = {
         isa = "PBXGroup";
         children = (
            "plank::CoreTests::Product",
            "plank::plank::Product",
            "plank::Core::Product"
         );
         name = "Products";
         path = "";
         sourceTree = "BUILT_PRODUCTS_DIR";
      };
      "OBJ_56" = {
         isa = "XCConfigurationList";
         buildConfigurations = (
            "OBJ_57",
            "OBJ_58"
         );
         defaultConfigurationIsVisible = "0";
         defaultConfigurationName = "Release";
      };
      "OBJ_57" = {
         isa = "XCBuildConfiguration";
         buildSettings = {
            ENABLE_TESTABILITY = "YES";
            FRAMEWORK_SEARCH_PATHS = (
               "$(inherited)",
               "$(PLATFORM_DIR)/Developer/Library/Frameworks"
            );
            HEADER_SEARCH_PATHS = (
               "$(inherited)"
            );
            INFOPLIST_FILE = "plank.xcodeproj/Core_Info.plist";
            LD_RUNPATH_SEARCH_PATHS = (
               "$(inherited)",
               "$(TOOLCHAIN_DIR)/usr/lib/swift/macosx"
            );
            OTHER_CFLAGS = (
               "$(inherited)"
            );
            OTHER_LDFLAGS = (
               "$(inherited)"
            );
            OTHER_SWIFT_FLAGS = (
               "$(inherited)"
            );
            PRODUCT_BUNDLE_IDENTIFIER = "Core";
            PRODUCT_MODULE_NAME = "$(TARGET_NAME:c99extidentifier)";
            PRODUCT_NAME = "$(TARGET_NAME:c99extidentifier)";
            SKIP_INSTALL = "YES";
            SWIFT_ACTIVE_COMPILATION_CONDITIONS = (
               "$(inherited)"
            );
            SWIFT_VERSION = "4.0";
            TARGET_NAME = "Core";
         };
         name = "Debug";
      };
      "OBJ_58" = {
         isa = "XCBuildConfiguration";
         buildSettings = {
            ENABLE_TESTABILITY = "YES";
            FRAMEWORK_SEARCH_PATHS = (
               "$(inherited)",
               "$(PLATFORM_DIR)/Developer/Library/Frameworks"
            );
            HEADER_SEARCH_PATHS = (
               "$(inherited)"
            );
            INFOPLIST_FILE = "plank.xcodeproj/Core_Info.plist";
            LD_RUNPATH_SEARCH_PATHS = (
               "$(inherited)",
               "$(TOOLCHAIN_DIR)/usr/lib/swift/macosx"
            );
            OTHER_CFLAGS = (
               "$(inherited)"
            );
            OTHER_LDFLAGS = (
               "$(inherited)"
            );
            OTHER_SWIFT_FLAGS = (
               "$(inherited)"
            );
            PRODUCT_BUNDLE_IDENTIFIER = "Core";
            PRODUCT_MODULE_NAME = "$(TARGET_NAME:c99extidentifier)";
            PRODUCT_NAME = "$(TARGET_NAME:c99extidentifier)";
            SKIP_INSTALL = "YES";
            SWIFT_ACTIVE_COMPILATION_CONDITIONS = (
               "$(inherited)"
            );
            SWIFT_VERSION = "4.0";
            TARGET_NAME = "Core";
         };
         name = "Release";
      };
      "OBJ_59" = {
         isa = "PBXSourcesBuildPhase";
         files = (
            "OBJ_60",
            "OBJ_61",
            "OBJ_62",
            "OBJ_63",
            "OBJ_64",
            "OBJ_65",
            "OBJ_66",
            "OBJ_67",
            "OBJ_68",
            "OBJ_69",
            "OBJ_70",
            "OBJ_71",
            "OBJ_72",
            "OBJ_73",
            "OBJ_74",
            "OBJ_75",
            "OBJ_76",
            "OBJ_77",
            "OBJ_78",
            "OBJ_79",
            "OBJ_80",
            "OBJ_81",
            "OBJ_82",
            "OBJ_83",
            "OBJ_84",
            "OBJ_85"
         );
      };
      "OBJ_6" = {
         isa = "PBXFileReference";
         explicitFileType = "sourcecode.swift";
         path = "Package.swift";
         sourceTree = "<group>";
      };
      "OBJ_60" = {
         isa = "PBXBuildFile";
         fileRef = "OBJ_9";
      };
      "OBJ_61" = {
         isa = "PBXBuildFile";
         fileRef = "OBJ_10";
      };
      "OBJ_62" = {
         isa = "PBXBuildFile";
         fileRef = "OBJ_11";
      };
      "OBJ_63" = {
         isa = "PBXBuildFile";
         fileRef = "OBJ_12";
      };
      "OBJ_64" = {
         isa = "PBXBuildFile";
         fileRef = "OBJ_13";
      };
      "OBJ_65" = {
         isa = "PBXBuildFile";
         fileRef = "OBJ_14";
      };
      "OBJ_66" = {
         isa = "PBXBuildFile";
         fileRef = "OBJ_15";
      };
      "OBJ_67" = {
         isa = "PBXBuildFile";
         fileRef = "OBJ_16";
      };
      "OBJ_68" = {
         isa = "PBXBuildFile";
         fileRef = "OBJ_17";
      };
      "OBJ_69" = {
         isa = "PBXBuildFile";
         fileRef = "OBJ_18";
      };
      "OBJ_7" = {
         isa = "PBXGroup";
         children = (
            "OBJ_8",
            "OBJ_35"
         );
         name = "Sources";
         path = "";
         sourceTree = "SOURCE_ROOT";
      };
      "OBJ_70" = {
         isa = "PBXBuildFile";
         fileRef = "OBJ_19";
      };
      "OBJ_71" = {
         isa = "PBXBuildFile";
         fileRef = "OBJ_20";
      };
      "OBJ_72" = {
         isa = "PBXBuildFile";
         fileRef = "OBJ_21";
      };
      "OBJ_73" = {
         isa = "PBXBuildFile";
         fileRef = "OBJ_22";
      };
      "OBJ_74" = {
         isa = "PBXBuildFile";
         fileRef = "OBJ_23";
      };
      "OBJ_75" = {
         isa = "PBXBuildFile";
         fileRef = "OBJ_24";
      };
      "OBJ_76" = {
         isa = "PBXBuildFile";
         fileRef = "OBJ_25";
      };
      "OBJ_77" = {
         isa = "PBXBuildFile";
         fileRef = "OBJ_26";
      };
      "OBJ_78" = {
         isa = "PBXBuildFile";
         fileRef = "OBJ_27";
      };
      "OBJ_79" = {
         isa = "PBXBuildFile";
         fileRef = "OBJ_28";
      };
      "OBJ_8" = {
         isa = "PBXGroup";
         children = (
            "OBJ_9",
            "OBJ_10",
            "OBJ_11",
            "OBJ_12",
            "OBJ_13",
            "OBJ_14",
            "OBJ_15",
            "OBJ_16",
            "OBJ_17",
            "OBJ_18",
            "OBJ_19",
            "OBJ_20",
            "OBJ_21",
            "OBJ_22",
            "OBJ_23",
            "OBJ_24",
            "OBJ_25",
            "OBJ_26",
            "OBJ_27",
            "OBJ_28",
            "OBJ_29",
            "OBJ_30",
            "OBJ_31",
            "OBJ_32",
            "OBJ_33",
            "OBJ_34"
         );
         name = "Core";
         path = "Sources/Core";
         sourceTree = "SOURCE_ROOT";
      };
      "OBJ_80" = {
         isa = "PBXBuildFile";
         fileRef = "OBJ_29";
      };
      "OBJ_81" = {
         isa = "PBXBuildFile";
         fileRef = "OBJ_30";
      };
      "OBJ_82" = {
         isa = "PBXBuildFile";
         fileRef = "OBJ_31";
      };
      "OBJ_83" = {
         isa = "PBXBuildFile";
         fileRef = "OBJ_32";
      };
      "OBJ_84" = {
         isa = "PBXBuildFile";
         fileRef = "OBJ_33";
      };
      "OBJ_85" = {
         isa = "PBXBuildFile";
         fileRef = "OBJ_34";
      };
      "OBJ_86" = {
         isa = "PBXFrameworksBuildPhase";
         files = (
         );
      };
      "OBJ_88" = {
         isa = "XCConfigurationList";
         buildConfigurations = (
            "OBJ_89",
            "OBJ_90"
         );
         defaultConfigurationIsVisible = "0";
         defaultConfigurationName = "Release";
      };
      "OBJ_89" = {
         isa = "XCBuildConfiguration";
         buildSettings = {
            CLANG_ENABLE_MODULES = "YES";
            EMBEDDED_CONTENT_CONTAINS_SWIFT = "YES";
            FRAMEWORK_SEARCH_PATHS = (
               "$(inherited)",
               "$(PLATFORM_DIR)/Developer/Library/Frameworks"
            );
            HEADER_SEARCH_PATHS = (
               "$(inherited)"
            );
            INFOPLIST_FILE = "plank.xcodeproj/CoreTests_Info.plist";
            LD_RUNPATH_SEARCH_PATHS = (
               "$(inherited)",
               "@loader_path/../Frameworks",
               "@loader_path/Frameworks"
            );
            OTHER_CFLAGS = (
               "$(inherited)"
            );
            OTHER_LDFLAGS = (
               "$(inherited)"
            );
            OTHER_SWIFT_FLAGS = (
               "$(inherited)"
            );
            SWIFT_ACTIVE_COMPILATION_CONDITIONS = (
               "$(inherited)"
            );
            SWIFT_VERSION = "4.0";
            TARGET_NAME = "CoreTests";
         };
         name = "Debug";
      };
      "OBJ_9" = {
         isa = "PBXFileReference";
         path = "FileGenerator.swift";
         sourceTree = "<group>";
      };
      "OBJ_90" = {
         isa = "XCBuildConfiguration";
         buildSettings = {
            CLANG_ENABLE_MODULES = "YES";
            EMBEDDED_CONTENT_CONTAINS_SWIFT = "YES";
            FRAMEWORK_SEARCH_PATHS = (
               "$(inherited)",
               "$(PLATFORM_DIR)/Developer/Library/Frameworks"
            );
            HEADER_SEARCH_PATHS = (
               "$(inherited)"
            );
            INFOPLIST_FILE = "plank.xcodeproj/CoreTests_Info.plist";
            LD_RUNPATH_SEARCH_PATHS = (
               "$(inherited)",
               "@loader_path/../Frameworks",
               "@loader_path/Frameworks"
            );
            OTHER_CFLAGS = (
               "$(inherited)"
            );
            OTHER_LDFLAGS = (
               "$(inherited)"
            );
            OTHER_SWIFT_FLAGS = (
               "$(inherited)"
            );
            SWIFT_ACTIVE_COMPILATION_CONDITIONS = (
               "$(inherited)"
            );
            SWIFT_VERSION = "4.0";
            TARGET_NAME = "CoreTests";
         };
         name = "Release";
      };
      "OBJ_91" = {
         isa = "PBXSourcesBuildPhase";
         files = (
            "OBJ_92",
            "OBJ_93",
            "OBJ_94",
            "OBJ_95",
            "OBJ_96",
            "OBJ_97"
         );
      };
      "OBJ_92" = {
         isa = "PBXBuildFile";
         fileRef = "OBJ_41";
      };
      "OBJ_93" = {
         isa = "PBXBuildFile";
         fileRef = "OBJ_42";
      };
      "OBJ_94" = {
         isa = "PBXBuildFile";
         fileRef = "OBJ_43";
      };
      "OBJ_95" = {
         isa = "PBXBuildFile";
         fileRef = "OBJ_44";
      };
      "OBJ_96" = {
         isa = "PBXBuildFile";
         fileRef = "OBJ_45";
      };
      "OBJ_97" = {
         isa = "PBXBuildFile";
         fileRef = "OBJ_46";
      };
      "OBJ_98" = {
         isa = "PBXFrameworksBuildPhase";
         files = (
            "OBJ_99"
         );
      };
      "OBJ_99" = {
         isa = "PBXBuildFile";
         fileRef = "plank::Core::Product";
      };
      "plank::Core" = {
         isa = "PBXNativeTarget";
         buildConfigurationList = "OBJ_56";
         buildPhases = (
            "OBJ_59",
            "OBJ_86"
         );
         dependencies = (
         );
         name = "Core";
         productName = "Core";
         productReference = "plank::Core::Product";
         productType = "com.apple.product-type.framework";
      };
      "plank::Core::Product" = {
         isa = "PBXFileReference";
         path = "Core.framework";
         sourceTree = "BUILT_PRODUCTS_DIR";
      };
      "plank::CoreTests" = {
         isa = "PBXNativeTarget";
         buildConfigurationList = "OBJ_88";
         buildPhases = (
            "OBJ_91",
            "OBJ_98"
         );
         dependencies = (
            "OBJ_100"
         );
         name = "CoreTests";
         productName = "CoreTests";
         productReference = "plank::CoreTests::Product";
         productType = "com.apple.product-type.bundle.unit-test";
      };
      "plank::CoreTests::Product" = {
         isa = "PBXFileReference";
         path = "CoreTests.xctest";
         sourceTree = "BUILT_PRODUCTS_DIR";
      };
      "plank::SwiftPMPackageDescription" = {
         isa = "PBXNativeTarget";
         buildConfigurationList = "OBJ_113";
         buildPhases = (
            "OBJ_116"
         );
         dependencies = (
         );
         name = "plankPackageDescription";
         productName = "plankPackageDescription";
         productType = "com.apple.product-type.framework";
      };
      "plank::plank" = {
         isa = "PBXNativeTarget";
         buildConfigurationList = "OBJ_102";
         buildPhases = (
            "OBJ_105",
            "OBJ_109"
         );
         dependencies = (
            "OBJ_111"
         );
         name = "plank";
         productName = "plank";
         productReference = "plank::plank::Product";
         productType = "com.apple.product-type.tool";
      };
      "plank::plank::Product" = {
         isa = "PBXFileReference";
         path = "plank";
         sourceTree = "BUILT_PRODUCTS_DIR";
      };
      "plank::plankPackageTests::ProductTarget" = {
         isa = "PBXAggregateTarget";
         buildConfigurationList = "OBJ_119";
         buildPhases = (
         );
         dependencies = (
            "OBJ_122"
         );
         name = "plankPackageTests";
         productName = "plankPackageTests";
      };
   };
   rootObject = "OBJ_1";
}
